// !$*UTF8*$!
{
	archiveVersion = 1;
	classes = {
	};
	objectVersion = 46;
	objects = {

/* Begin PBXBuildFile section */
		461960111CE41790004B081C /* main.swift in Sources */ = {isa = PBXBuildFile; fileRef = 461960101CE41790004B081C /* main.swift */; };
		46379BC91CE53B3000E2A220 /* Utils.swift in Sources */ = {isa = PBXBuildFile; fileRef = 46379BC81CE53B3000E2A220 /* Utils.swift */; };
/* End PBXBuildFile section */

/* Begin PBXCopyFilesBuildPhase section */
		4619600B1CE41790004B081C /* CopyFiles */ = {
			isa = PBXCopyFilesBuildPhase;
			buildActionMask = 2147483647;
			dstPath = /usr/share/man/man1/;
			dstSubfolderSpec = 0;
			files = (
			);
			runOnlyForDeploymentPostprocessing = 1;
		};
/* End PBXCopyFilesBuildPhase section */

/* Begin PBXFileReference section */
		4619600D1CE41790004B081C /* Example ( Marks to Grades) */ = {isa = PBXFileReference; explicitFileType = "compiled.mach-o.executable"; includeInIndex = 0; path = "Example ( Marks to Grades)"; sourceTree = BUILT_PRODUCTS_DIR; };
		461960101CE41790004B081C /* main.swift */ = {isa = PBXFileReference; lastKnownFileType = sourcecode.swift; path = main.swift; sourceTree = "<group>"; };
		461960171CE41825004B081C /* Marks.json */ = {isa = PBXFileReference; fileEncoding = 4; lastKnownFileType = text.json; path = Marks.json; sourceTree = "<group>"; };
		46379BC81CE53B3000E2A220 /* Utils.swift */ = {isa = PBXFileReference; fileEncoding = 4; lastKnownFileType = sourcecode.swift; path = Utils.swift; sourceTree = "<group>"; };
/* End PBXFileReference section */

/* Begin PBXFrameworksBuildPhase section */
		4619600A1CE41790004B081C /* Frameworks */ = {
			isa = PBXFrameworksBuildPhase;
			buildActionMask = 2147483647;
			files = (
			);
			runOnlyForDeploymentPostprocessing = 0;
		};
/* End PBXFrameworksBuildPhase section */

/* Begin PBXGroup section */
		461960041CE41790004B081C = {
			isa = PBXGroup;
			children = (
				4619600F1CE41790004B081C /* Example ( Marks to Grades) */,
				4619600E1CE41790004B081C /* Products */,
			);
			sourceTree = "<group>";
		};
		4619600E1CE41790004B081C /* Products */ = {
			isa = PBXGroup;
			children = (
				4619600D1CE41790004B081C /* Example ( Marks to Grades) */,
			);
			name = Products;
			sourceTree = "<group>";
		};
		4619600F1CE41790004B081C /* Example ( Marks to Grades) */ = {
			isa = PBXGroup;
			children = (
				461960101CE41790004B081C /* main.swift */,
				461960171CE41825004B081C /* Marks.json */,
				46379BC81CE53B3000E2A220 /* Utils.swift */,
			);
			path = "Example ( Marks to Grades)";
			sourceTree = "<group>";
		};
/* End PBXGroup section */

/* Begin PBXNativeTarget section */
		4619600C1CE41790004B081C /* Example ( Marks to Grades) */ = {
			isa = PBXNativeTarget;
			buildConfigurationList = 461960141CE41790004B081C /* Build configuration list for PBXNativeTarget "Example ( Marks to Grades)" */;
			buildPhases = (
				461960091CE41790004B081C /* Sources */,
				4619600A1CE41790004B081C /* Frameworks */,
				4619600B1CE41790004B081C /* CopyFiles */,
			);
			buildRules = (
			);
			dependencies = (
			);
			name = "Example ( Marks to Grades)";
			productName = "Example ( Marks to Grades)";
			productReference = 4619600D1CE41790004B081C /* Example ( Marks to Grades) */;
			productType = "com.apple.product-type.tool";
		};
/* End PBXNativeTarget section */

/* Begin PBXProject section */
		461960051CE41790004B081C /* Project object */ = {
			isa = PBXProject;
			attributes = {
				LastSwiftUpdateCheck = 0720;
				LastUpgradeCheck = 0720;
				ORGANIZATIONNAME = "Lambton College";
				TargetAttributes = {
					4619600C1CE41790004B081C = {
						CreatedOnToolsVersion = 7.2;
					};
				};
			};
			buildConfigurationList = 461960081CE41790004B081C /* Build configuration list for PBXProject "Example ( Marks to Grades)" */;
			compatibilityVersion = "Xcode 3.2";
			developmentRegion = English;
			hasScannedForEncodings = 0;
			knownRegions = (
				en,
			);
			mainGroup = 461960041CE41790004B081C;
			productRefGroup = 4619600E1CE41790004B081C /* Products */;
			projectDirPath = "";
			projectRoot = "";
			targets = (
				4619600C1CE41790004B081C /* Example ( Marks to Grades) */,
			);
		};
/* End PBXProject section */

/* Begin PBXSourcesBuildPhase section */
		461960091CE41790004B081C /* Sources */ = {
			isa = PBXSourcesBuildPhase;
			buildActionMask = 2147483647;
			files = (
				461960111CE41790004B081C /* main.swift in Sources */,
				46379BC91CE53B3000E2A220 /* Utils.swift in Sources */,
			);
			runOnlyForDeploymentPostprocessing = 0;
		};
/* End PBXSourcesBuildPhase section */

/* Begin XCBuildConfiguration section */
		461960121CE41790004B081C /* Debug */ = {
			isa = XCBuildConfiguration;
			buildSettings = {
				ALWAYS_SEARCH_USER_PATHS = NO;
				CLANG_CXX_LANGUAGE_STANDARD = "gnu++0x";
				CLANG_CXX_LIBRARY = "libc++";
				CLANG_ENABLE_MODULES = YES;
				CLANG_ENABLE_OBJC_ARC = YES;
				CLANG_WARN_BOOL_CONVERSION = YES;
				CLANG_WARN_CONSTANT_CONVERSION = YES;
				CLANG_WARN_DIRECT_OBJC_ISA_USAGE = YES_ERROR;
				CLANG_WARN_EMPTY_BODY = YES;
				CLANG_WARN_ENUM_CONVERSION = YES;
				CLANG_WARN_INT_CONVERSION = YES;
				CLANG_WARN_OBJC_ROOT_CLASS = YES_ERROR;
				CLANG_WARN_UNREACHABLE_CODE = YES;
				CLANG_WARN__DUPLICATE_METHOD_MATCH = YES;
				CODE_SIGN_IDENTITY = "-";
				COPY_PHASE_STRIP = NO;
				DEBUG_INFORMATION_FORMAT = dwarf;
				ENABLE_STRICT_OBJC_MSGSEND = YES;
				ENABLE_TESTABILITY = YES;
				GCC_C_LANGUAGE_STANDARD = gnu99;
				GCC_DYNAMIC_NO_PIC = NO;
				GCC_NO_COMMON_BLOCKS = YES;
				GCC_OPTIMIZATION_LEVEL = 0;
				GCC_PREPROCESSOR_DEFINITIONS = (
					"DEBUG=1",
					"$(inherited)",
				);
				GCC_WARN_64_TO_32_BIT_CONVERSION = YES;
				GCC_WARN_ABOUT_RETURN_TYPE = YES_ERROR;
				GCC_WARN_UNDECLARED_SELECTOR = YES;
				GCC_WARN_UNINITIALIZED_AUTOS = YES_AGGRESSIVE;
				GCC_WARN_UNUSED_FUNCTION = YES;
				GCC_WARN_UNUSED_VARIABLE = YES;
				MACOSX_DEPLOYMENT_TARGET = 10.11;
				MTL_ENABLE_DEBUG_INFO = YES;
				ONLY_ACTIVE_ARCH = YES;
				SDKROOT = macosx;
				SWIFT_OPTIMIZATION_LEVEL = "-Onone";
			};
			name = Debug;
		};
		461960131CE41790004B081C /* Release */ = {
			isa = XCBuildConfiguration;
			buildSettings = {
				ALWAYS_SEARCH_USER_PATHS = NO;
				CLANG_CXX_LANGUAGE_STANDARD = "gnu++0x";
				CLANG_CXX_LIBRARY = "libc++";
				CLANG_ENABLE_MODULES = YES;
				CLANG_ENABLE_OBJC_ARC = YES;
				CLANG_WARN_BOOL_CONVERSION = YES;
				CLANG_WARN_CONSTANT_CONVERSION = YES;
				CLANG_WARN_DIRECT_OBJC_ISA_USAGE = YES_ERROR;
				CLANG_WARN_EMPTY_BODY = YES;
				CLANG_WARN_ENUM_CONVERSION = YES;
				CLANG_WARN_INT_CONVERSION = YES;
				CLANG_WARN_OBJC_ROOT_CLASS = YES_ERROR;
				CLANG_WARN_UNREACHABLE_CODE = YES;
				CLANG_WARN__DUPLICATE_METHOD_MATCH = YES;
				CODE_SIGN_IDENTITY = "-";
				COPY_PHASE_STRIP = NO;
				DEBUG_INFORMATION_FORMAT = "dwarf-with-dsym";
				ENABLE_NS_ASSERTIONS = NO;
				ENABLE_STRICT_OBJC_MSGSEND = YES;
				GCC_C_LANGUAGE_STANDARD = gnu99;
				GCC_NO_COMMON_BLOCKS = YES;
				GCC_WARN_64_TO_32_BIT_CONVERSION = YES;
				GCC_WARN_ABOUT_RETURN_TYPE = YES_ERROR;
				GCC_WARN_UNDECLARED_SELECTOR = YES;
				GCC_WARN_UNINITIALIZED_AUTOS = YES_AGGRESSIVE;
				GCC_WARN_UNUSED_FUNCTION = YES;
				GCC_WARN_UNUSED_VARIABLE = YES;
				MACOSX_DEPLOYMENT_TARGET = 10.11;
				MTL_ENABLE_DEBUG_INFO = NO;
				SDKROOT = macosx;
			};
			name = Release;
		};
		461960151CE41790004B081C /* Debug */ = {
			isa = XCBuildConfiguration;
			buildSettings = {
				PRODUCT_NAME = "$(TARGET_NAME)";
			};
			name = Debug;
		};
		461960161CE41790004B081C /* Release */ = {
			isa = XCBuildConfiguration;
			buildSettings = {
				PRODUCT_NAME = "$(TARGET_NAME)";
			};
			name = Release;
		};
/* End XCBuildConfiguration section */

/* Begin XCConfigurationList section */
		461960081CE41790004B081C /* Build configuration list for PBXProject "Example ( Marks to Grades)" */ = {
			isa = XCConfigurationList;
			buildConfigurations = (
				461960121CE41790004B081C /* Debug */,
				461960131CE41790004B081C /* Release */,
			);
			defaultConfigurationIsVisible = 0;
			defaultConfigurationName = Release;
		};
		461960141CE41790004B081C /* Build configuration list for PBXNativeTarget "Example ( Marks to Grades)" */ = {
			isa = XCConfigurationList;
			buildConfigurations = (
				461960151CE41790004B081C /* Debug */,
				461960161CE41790004B081C /* Release */,
			);
			defaultConfigurationIsVisible = 0;
			defaultConfigurationName = Release;
		};
/* End XCConfigurationList section */
	};
	rootObject = 461960051CE41790004B081C /* Project object */;
}
