// !$*UTF8*$!
{
	archiveVersion = 1;
	classes = {
	};
	objectVersion = 46;
	objects = {

/* Begin PBXBuildFile section */
		4648B4611CEFC2D300216367 /* main.swift in Sources */ = {isa = PBXBuildFile; fileRef = 4648B4601CEFC2D300216367 /* main.swift */; };
		4648B4681CEFC2E600216367 /* Shape.swift in Sources */ = {isa = PBXBuildFile; fileRef = 4648B4671CEFC2E600216367 /* Shape.swift */; };
/* End PBXBuildFile section */

/* Begin PBXCopyFilesBuildPhase section */
		4648B45B1CEFC2D300216367 /* CopyFiles */ = {
			isa = PBXCopyFilesBuildPhase;
			buildActionMask = 2147483647;
			dstPath = /usr/share/man/man1/;
			dstSubfolderSpec = 0;
			files = (
			);
			runOnlyForDeploymentPostprocessing = 1;
		};
/* End PBXCopyFilesBuildPhase section */

/* Begin PBXFileReference section */
		4648B45D1CEFC2D300216367 /* Lab2_Junghwan Park_c0661374 */ = {isa = PBXFileReference; explicitFileType = "compiled.mach-o.executable"; includeInIndex = 0; path = "Lab2_Junghwan Park_c0661374"; sourceTree = BUILT_PRODUCTS_DIR; };
		4648B4601CEFC2D300216367 /* main.swift */ = {isa = PBXFileReference; lastKnownFileType = sourcecode.swift; path = main.swift; sourceTree = "<group>"; };
		4648B4671CEFC2E600216367 /* Shape.swift */ = {isa = PBXFileReference; fileEncoding = 4; lastKnownFileType = sourcecode.swift; path = Shape.swift; sourceTree = "<group>"; };
/* End PBXFileReference section */

/* Begin PBXFrameworksBuildPhase section */
		4648B45A1CEFC2D300216367 /* Frameworks */ = {
			isa = PBXFrameworksBuildPhase;
			buildActionMask = 2147483647;
			files = (
			);
			runOnlyForDeploymentPostprocessing = 0;
		};
/* End PBXFrameworksBuildPhase section */

/* Begin PBXGroup section */
		4648B4541CEFC2D300216367 = {
			isa = PBXGroup;
			children = (
				4648B45F1CEFC2D300216367 /* Lab2_Junghwan Park_c0661374 */,
				4648B45E1CEFC2D300216367 /* Products */,
			);
			sourceTree = "<group>";
		};
		4648B45E1CEFC2D300216367 /* Products */ = {
			isa = PBXGroup;
			children = (
				4648B45D1CEFC2D300216367 /* Lab2_Junghwan Park_c0661374 */,
			);
			name = Products;
			sourceTree = "<group>";
		};
		4648B45F1CEFC2D300216367 /* Lab2_Junghwan Park_c0661374 */ = {
			isa = PBXGroup;
			children = (
				4648B4601CEFC2D300216367 /* main.swift */,
				4648B4671CEFC2E600216367 /* Shape.swift */,
			);
			path = "Lab2_Junghwan Park_c0661374";
			sourceTree = "<group>";
		};
/* End PBXGroup section */

/* Begin PBXNativeTarget section */
		4648B45C1CEFC2D300216367 /* Lab2_Junghwan Park_c0661374 */ = {
			isa = PBXNativeTarget;
			buildConfigurationList = 4648B4641CEFC2D300216367 /* Build configuration list for PBXNativeTarget "Lab2_Junghwan Park_c0661374" */;
			buildPhases = (
				4648B4591CEFC2D300216367 /* Sources */,
				4648B45A1CEFC2D300216367 /* Frameworks */,
				4648B45B1CEFC2D300216367 /* CopyFiles */,
			);
			buildRules = (
			);
			dependencies = (
			);
			name = "Lab2_Junghwan Park_c0661374";
			productName = "Lab2_Junghwan Park_c0661374";
			productReference = 4648B45D1CEFC2D300216367 /* Lab2_Junghwan Park_c0661374 */;
			productType = "com.apple.product-type.tool";
		};
/* End PBXNativeTarget section */

/* Begin PBXProject section */
		4648B4551CEFC2D300216367 /* Project object */ = {
			isa = PBXProject;
			attributes = {
				LastSwiftUpdateCheck = 0720;
				LastUpgradeCheck = 0720;
				ORGANIZATIONNAME = "Lambton College";
				TargetAttributes = {
					4648B45C1CEFC2D300216367 = {
						CreatedOnToolsVersion = 7.2;
					};
				};
			};
			buildConfigurationList = 4648B4581CEFC2D300216367 /* Build configuration list for PBXProject "Lab2_Junghwan Park_c0661374" */;
			compatibilityVersion = "Xcode 3.2";
			developmentRegion = English;
			hasScannedForEncodings = 0;
			knownRegions = (
				en,
			);
			mainGroup = 4648B4541CEFC2D300216367;
			productRefGroup = 4648B45E1CEFC2D300216367 /* Products */;
			projectDirPath = "";
			projectRoot = "";
			targets = (
				4648B45C1CEFC2D300216367 /* Lab2_Junghwan Park_c0661374 */,
			);
		};
/* End PBXProject section */

/* Begin PBXSourcesBuildPhase section */
		4648B4591CEFC2D300216367 /* Sources */ = {
			isa = PBXSourcesBuildPhase;
			buildActionMask = 2147483647;
			files = (
				4648B4611CEFC2D300216367 /* main.swift in Sources */,
				4648B4681CEFC2E600216367 /* Shape.swift in Sources */,
			);
			runOnlyForDeploymentPostprocessing = 0;
		};
/* End PBXSourcesBuildPhase section */

/* Begin XCBuildConfiguration section */
		4648B4621CEFC2D300216367 /* Debug */ = {
			isa = XCBuildConfiguration;
			buildSettings = {
				ALWAYS_SEARCH_USER_PATHS = NO;
				CLANG_CXX_LANGUAGE_STANDARD = "gnu++0x";
				CLANG_CXX_LIBRARY = "libc++";
				CLANG_ENABLE_MODULES = YES;
				CLANG_ENABLE_OBJC_ARC = YES;
				CLANG_WARN_BOOL_CONVERSION = YES;
				CLANG_WARN_CONSTANT_CONVERSION = YES;
				CLANG_WARN_DIRECT_OBJC_ISA_USAGE = YES_ERROR;
				CLANG_WARN_EMPTY_BODY = YES;
				CLANG_WARN_ENUM_CONVERSION = YES;
				CLANG_WARN_INT_CONVERSION = YES;
				CLANG_WARN_OBJC_ROOT_CLASS = YES_ERROR;
				CLANG_WARN_UNREACHABLE_CODE = YES;
				CLANG_WARN__DUPLICATE_METHOD_MATCH = YES;
				CODE_SIGN_IDENTITY = "-";
				COPY_PHASE_STRIP = NO;
				DEBUG_INFORMATION_FORMAT = dwarf;
				ENABLE_STRICT_OBJC_MSGSEND = YES;
				ENABLE_TESTABILITY = YES;
				GCC_C_LANGUAGE_STANDARD = gnu99;
				GCC_DYNAMIC_NO_PIC = NO;
				GCC_NO_COMMON_BLOCKS = YES;
				GCC_OPTIMIZATION_LEVEL = 0;
				GCC_PREPROCESSOR_DEFINITIONS = (
					"DEBUG=1",
					"$(inherited)",
				);
				GCC_WARN_64_TO_32_BIT_CONVERSION = YES;
				GCC_WARN_ABOUT_RETURN_TYPE = YES_ERROR;
				GCC_WARN_UNDECLARED_SELECTOR = YES;
				GCC_WARN_UNINITIALIZED_AUTOS = YES_AGGRESSIVE;
				GCC_WARN_UNUSED_FUNCTION = YES;
				GCC_WARN_UNUSED_VARIABLE = YES;
				MACOSX_DEPLOYMENT_TARGET = 10.11;
				MTL_ENABLE_DEBUG_INFO = YES;
				ONLY_ACTIVE_ARCH = YES;
				SDKROOT = macosx;
				SWIFT_OPTIMIZATION_LEVEL = "-Onone";
			};
			name = Debug;
		};
		4648B4631CEFC2D300216367 /* Release */ = {
			isa = XCBuildConfiguration;
			buildSettings = {
				ALWAYS_SEARCH_USER_PATHS = NO;
				CLANG_CXX_LANGUAGE_STANDARD = "gnu++0x";
				CLANG_CXX_LIBRARY = "libc++";
				CLANG_ENABLE_MODULES = YES;
				CLANG_ENABLE_OBJC_ARC = YES;
				CLANG_WARN_BOOL_CONVERSION = YES;
				CLANG_WARN_CONSTANT_CONVERSION = YES;
				CLANG_WARN_DIRECT_OBJC_ISA_USAGE = YES_ERROR;
				CLANG_WARN_EMPTY_BODY = YES;
				CLANG_WARN_ENUM_CONVERSION = YES;
				CLANG_WARN_INT_CONVERSION = YES;
				CLANG_WARN_OBJC_ROOT_CLASS = YES_ERROR;
				CLANG_WARN_UNREACHABLE_CODE = YES;
				CLANG_WARN__DUPLICATE_METHOD_MATCH = YES;
				CODE_SIGN_IDENTITY = "-";
				COPY_PHASE_STRIP = NO;
				DEBUG_INFORMATION_FORMAT = "dwarf-with-dsym";
				ENABLE_NS_ASSERTIONS = NO;
				ENABLE_STRICT_OBJC_MSGSEND = YES;
				GCC_C_LANGUAGE_STANDARD = gnu99;
				GCC_NO_COMMON_BLOCKS = YES;
				GCC_WARN_64_TO_32_BIT_CONVERSION = YES;
				GCC_WARN_ABOUT_RETURN_TYPE = YES_ERROR;
				GCC_WARN_UNDECLARED_SELECTOR = YES;
				GCC_WARN_UNINITIALIZED_AUTOS = YES_AGGRESSIVE;
				GCC_WARN_UNUSED_FUNCTION = YES;
				GCC_WARN_UNUSED_VARIABLE = YES;
				MACOSX_DEPLOYMENT_TARGET = 10.11;
				MTL_ENABLE_DEBUG_INFO = NO;
				SDKROOT = macosx;
			};
			name = Release;
		};
		4648B4651CEFC2D300216367 /* Debug */ = {
			isa = XCBuildConfiguration;
			buildSettings = {
				PRODUCT_NAME = "$(TARGET_NAME)";
			};
			name = Debug;
		};
		4648B4661CEFC2D300216367 /* Release */ = {
			isa = XCBuildConfiguration;
			buildSettings = {
				PRODUCT_NAME = "$(TARGET_NAME)";
			};
			name = Release;
		};
/* End XCBuildConfiguration section */

/* Begin XCConfigurationList section */
		4648B4581CEFC2D300216367 /* Build configuration list for PBXProject "Lab2_Junghwan Park_c0661374" */ = {
			isa = XCConfigurationList;
			buildConfigurations = (
				4648B4621CEFC2D300216367 /* Debug */,
				4648B4631CEFC2D300216367 /* Release */,
			);
			defaultConfigurationIsVisible = 0;
			defaultConfigurationName = Release;
		};
		4648B4641CEFC2D300216367 /* Build configuration list for PBXNativeTarget "Lab2_Junghwan Park_c0661374" */ = {
			isa = XCConfigurationList;
			buildConfigurations = (
				4648B4651CEFC2D300216367 /* Debug */,
				4648B4661CEFC2D300216367 /* Release */,
			);
			defaultConfigurationIsVisible = 0;
		};
/* End XCConfigurationList section */
	};
	rootObject = 4648B4551CEFC2D300216367 /* Project object */;
}
