// !$*UTF8*$!
{
	archiveVersion = 1;
	classes = {
	};
	objectVersion = 46;
	objects = {

/* Begin PBXBuildFile section */
		46379BD71CE5415200E2A220 /* main.swift in Sources */ = {isa = PBXBuildFile; fileRef = 46379BD61CE5415200E2A220 /* main.swift */; };
		46379BDE1CE5415E00E2A220 /* Utils.swift in Sources */ = {isa = PBXBuildFile; fileRef = 46379BDD1CE5415E00E2A220 /* Utils.swift */; };
/* End PBXBuildFile section */

/* Begin PBXCopyFilesBuildPhase section */
		46379BD11CE5415200E2A220 /* CopyFiles */ = {
			isa = PBXCopyFilesBuildPhase;
			buildActionMask = 2147483647;
			dstPath = /usr/share/man/man1/;
			dstSubfolderSpec = 0;
			files = (
			);
			runOnlyForDeploymentPostprocessing = 1;
		};
/* End PBXCopyFilesBuildPhase section */

/* Begin PBXFileReference section */
		46379BD31CE5415200E2A220 /* Example(Calculate) */ = {isa = PBXFileReference; explicitFileType = "compiled.mach-o.executable"; includeInIndex = 0; path = "Example(Calculate)"; sourceTree = BUILT_PRODUCTS_DIR; };
		46379BD61CE5415200E2A220 /* main.swift */ = {isa = PBXFileReference; lastKnownFileType = sourcecode.swift; path = main.swift; sourceTree = "<group>"; };
		46379BDD1CE5415E00E2A220 /* Utils.swift */ = {isa = PBXFileReference; fileEncoding = 4; lastKnownFileType = sourcecode.swift; path = Utils.swift; sourceTree = "<group>"; };
/* End PBXFileReference section */

/* Begin PBXFrameworksBuildPhase section */
		46379BD01CE5415200E2A220 /* Frameworks */ = {
			isa = PBXFrameworksBuildPhase;
			buildActionMask = 2147483647;
			files = (
			);
			runOnlyForDeploymentPostprocessing = 0;
		};
/* End PBXFrameworksBuildPhase section */

/* Begin PBXGroup section */
		46379BCA1CE5415200E2A220 = {
			isa = PBXGroup;
			children = (
				46379BD51CE5415200E2A220 /* Example(Calculate) */,
				46379BD41CE5415200E2A220 /* Products */,
			);
			sourceTree = "<group>";
		};
		46379BD41CE5415200E2A220 /* Products */ = {
			isa = PBXGroup;
			children = (
				46379BD31CE5415200E2A220 /* Example(Calculate) */,
			);
			name = Products;
			sourceTree = "<group>";
		};
		46379BD51CE5415200E2A220 /* Example(Calculate) */ = {
			isa = PBXGroup;
			children = (
				46379BD61CE5415200E2A220 /* main.swift */,
				46379BDD1CE5415E00E2A220 /* Utils.swift */,
			);
			path = "Example(Calculate)";
			sourceTree = "<group>";
		};
/* End PBXGroup section */

/* Begin PBXNativeTarget section */
		46379BD21CE5415200E2A220 /* Example(Calculate) */ = {
			isa = PBXNativeTarget;
			buildConfigurationList = 46379BDA1CE5415200E2A220 /* Build configuration list for PBXNativeTarget "Example(Calculate)" */;
			buildPhases = (
				46379BCF1CE5415200E2A220 /* Sources */,
				46379BD01CE5415200E2A220 /* Frameworks */,
				46379BD11CE5415200E2A220 /* CopyFiles */,
			);
			buildRules = (
			);
			dependencies = (
			);
			name = "Example(Calculate)";
			productName = "Example(Calculate)";
			productReference = 46379BD31CE5415200E2A220 /* Example(Calculate) */;
			productType = "com.apple.product-type.tool";
		};
/* End PBXNativeTarget section */

/* Begin PBXProject section */
		46379BCB1CE5415200E2A220 /* Project object */ = {
			isa = PBXProject;
			attributes = {
				LastSwiftUpdateCheck = 0720;
				LastUpgradeCheck = 0720;
				ORGANIZATIONNAME = "Lambton College";
				TargetAttributes = {
					46379BD21CE5415200E2A220 = {
						CreatedOnToolsVersion = 7.2;
					};
				};
			};
			buildConfigurationList = 46379BCE1CE5415200E2A220 /* Build configuration list for PBXProject "Example(Calculate)" */;
			compatibilityVersion = "Xcode 3.2";
			developmentRegion = English;
			hasScannedForEncodings = 0;
			knownRegions = (
				en,
			);
			mainGroup = 46379BCA1CE5415200E2A220;
			productRefGroup = 46379BD41CE5415200E2A220 /* Products */;
			projectDirPath = "";
			projectRoot = "";
			targets = (
				46379BD21CE5415200E2A220 /* Example(Calculate) */,
			);
		};
/* End PBXProject section */

/* Begin PBXSourcesBuildPhase section */
		46379BCF1CE5415200E2A220 /* Sources */ = {
			isa = PBXSourcesBuildPhase;
			buildActionMask = 2147483647;
			files = (
				46379BD71CE5415200E2A220 /* main.swift in Sources */,
				46379BDE1CE5415E00E2A220 /* Utils.swift in Sources */,
			);
			runOnlyForDeploymentPostprocessing = 0;
		};
/* End PBXSourcesBuildPhase section */

/* Begin XCBuildConfiguration section */
		46379BD81CE5415200E2A220 /* Debug */ = {
			isa = XCBuildConfiguration;
			buildSettings = {
				ALWAYS_SEARCH_USER_PATHS = NO;
				CLANG_CXX_LANGUAGE_STANDARD = "gnu++0x";
				CLANG_CXX_LIBRARY = "libc++";
				CLANG_ENABLE_MODULES = YES;
				CLANG_ENABLE_OBJC_ARC = YES;
				CLANG_WARN_BOOL_CONVERSION = YES;
				CLANG_WARN_CONSTANT_CONVERSION = YES;
				CLANG_WARN_DIRECT_OBJC_ISA_USAGE = YES_ERROR;
				CLANG_WARN_EMPTY_BODY = YES;
				CLANG_WARN_ENUM_CONVERSION = YES;
				CLANG_WARN_INT_CONVERSION = YES;
				CLANG_WARN_OBJC_ROOT_CLASS = YES_ERROR;
				CLANG_WARN_UNREACHABLE_CODE = YES;
				CLANG_WARN__DUPLICATE_METHOD_MATCH = YES;
				CODE_SIGN_IDENTITY = "-";
				COPY_PHASE_STRIP = NO;
				DEBUG_INFORMATION_FORMAT = dwarf;
				ENABLE_STRICT_OBJC_MSGSEND = YES;
				ENABLE_TESTABILITY = YES;
				GCC_C_LANGUAGE_STANDARD = gnu99;
				GCC_DYNAMIC_NO_PIC = NO;
				GCC_NO_COMMON_BLOCKS = YES;
				GCC_OPTIMIZATION_LEVEL = 0;
				GCC_PREPROCESSOR_DEFINITIONS = (
					"DEBUG=1",
					"$(inherited)",
				);
				GCC_WARN_64_TO_32_BIT_CONVERSION = YES;
				GCC_WARN_ABOUT_RETURN_TYPE = YES_ERROR;
				GCC_WARN_UNDECLARED_SELECTOR = YES;
				GCC_WARN_UNINITIALIZED_AUTOS = YES_AGGRESSIVE;
				GCC_WARN_UNUSED_FUNCTION = YES;
				GCC_WARN_UNUSED_VARIABLE = YES;
				MACOSX_DEPLOYMENT_TARGET = 10.11;
				MTL_ENABLE_DEBUG_INFO = YES;
				ONLY_ACTIVE_ARCH = YES;
				SDKROOT = macosx;
				SWIFT_OPTIMIZATION_LEVEL = "-Onone";
			};
			name = Debug;
		};
		46379BD91CE5415200E2A220 /* Release */ = {
			isa = XCBuildConfiguration;
			buildSettings = {
				ALWAYS_SEARCH_USER_PATHS = NO;
				CLANG_CXX_LANGUAGE_STANDARD = "gnu++0x";
				CLANG_CXX_LIBRARY = "libc++";
				CLANG_ENABLE_MODULES = YES;
				CLANG_ENABLE_OBJC_ARC = YES;
				CLANG_WARN_BOOL_CONVERSION = YES;
				CLANG_WARN_CONSTANT_CONVERSION = YES;
				CLANG_WARN_DIRECT_OBJC_ISA_USAGE = YES_ERROR;
				CLANG_WARN_EMPTY_BODY = YES;
				CLANG_WARN_ENUM_CONVERSION = YES;
				CLANG_WARN_INT_CONVERSION = YES;
				CLANG_WARN_OBJC_ROOT_CLASS = YES_ERROR;
				CLANG_WARN_UNREACHABLE_CODE = YES;
				CLANG_WARN__DUPLICATE_METHOD_MATCH = YES;
				CODE_SIGN_IDENTITY = "-";
				COPY_PHASE_STRIP = NO;
				DEBUG_INFORMATION_FORMAT = "dwarf-with-dsym";
				ENABLE_NS_ASSERTIONS = NO;
				ENABLE_STRICT_OBJC_MSGSEND = YES;
				GCC_C_LANGUAGE_STANDARD = gnu99;
				GCC_NO_COMMON_BLOCKS = YES;
				GCC_WARN_64_TO_32_BIT_CONVERSION = YES;
				GCC_WARN_ABOUT_RETURN_TYPE = YES_ERROR;
				GCC_WARN_UNDECLARED_SELECTOR = YES;
				GCC_WARN_UNINITIALIZED_AUTOS = YES_AGGRESSIVE;
				GCC_WARN_UNUSED_FUNCTION = YES;
				GCC_WARN_UNUSED_VARIABLE = YES;
				MACOSX_DEPLOYMENT_TARGET = 10.11;
				MTL_ENABLE_DEBUG_INFO = NO;
				SDKROOT = macosx;
			};
			name = Release;
		};
		46379BDB1CE5415200E2A220 /* Debug */ = {
			isa = XCBuildConfiguration;
			buildSettings = {
				PRODUCT_NAME = "$(TARGET_NAME)";
			};
			name = Debug;
		};
		46379BDC1CE5415200E2A220 /* Release */ = {
			isa = XCBuildConfiguration;
			buildSettings = {
				PRODUCT_NAME = "$(TARGET_NAME)";
			};
			name = Release;
		};
/* End XCBuildConfiguration section */

/* Begin XCConfigurationList section */
		46379BCE1CE5415200E2A220 /* Build configuration list for PBXProject "Example(Calculate)" */ = {
			isa = XCConfigurationList;
			buildConfigurations = (
				46379BD81CE5415200E2A220 /* Debug */,
				46379BD91CE5415200E2A220 /* Release */,
			);
			defaultConfigurationIsVisible = 0;
			defaultConfigurationName = Release;
		};
		46379BDA1CE5415200E2A220 /* Build configuration list for PBXNativeTarget "Example(Calculate)" */ = {
			isa = XCConfigurationList;
			buildConfigurations = (
				46379BDB1CE5415200E2A220 /* Debug */,
				46379BDC1CE5415200E2A220 /* Release */,
			);
			defaultConfigurationIsVisible = 0;
		};
/* End XCConfigurationList section */
	};
	rootObject = 46379BCB1CE5415200E2A220 /* Project object */;
}
