// !$*UTF8*$!
{
	archiveVersion = 1;
	classes = {
	};
	objectVersion = 46;
	objects = {

/* Begin PBXBuildFile section */
		4635262D1CE6B30400D9BB82 /* main.swift in Sources */ = {isa = PBXBuildFile; fileRef = 4635262C1CE6B30400D9BB82 /* main.swift */; };
		463526341CE6B30F00D9BB82 /* Utils.swift in Sources */ = {isa = PBXBuildFile; fileRef = 463526331CE6B30F00D9BB82 /* Utils.swift */; };
/* End PBXBuildFile section */

/* Begin PBXCopyFilesBuildPhase section */
		463526271CE6B30400D9BB82 /* CopyFiles */ = {
			isa = PBXCopyFilesBuildPhase;
			buildActionMask = 2147483647;
			dstPath = /usr/share/man/man1/;
			dstSubfolderSpec = 0;
			files = (
			);
			runOnlyForDeploymentPostprocessing = 1;
		};
/* End PBXCopyFilesBuildPhase section */

/* Begin PBXFileReference section */
		463526291CE6B30400D9BB82 /* LabTest-3.Acount */ = {isa = PBXFileReference; explicitFileType = "compiled.mach-o.executable"; includeInIndex = 0; path = "LabTest-3.Acount"; sourceTree = BUILT_PRODUCTS_DIR; };
		4635262C1CE6B30400D9BB82 /* main.swift */ = {isa = PBXFileReference; lastKnownFileType = sourcecode.swift; path = main.swift; sourceTree = "<group>"; };
		463526331CE6B30F00D9BB82 /* Utils.swift */ = {isa = PBXFileReference; fileEncoding = 4; lastKnownFileType = sourcecode.swift; path = Utils.swift; sourceTree = "<group>"; };
/* End PBXFileReference section */

/* Begin PBXFrameworksBuildPhase section */
		463526261CE6B30400D9BB82 /* Frameworks */ = {
			isa = PBXFrameworksBuildPhase;
			buildActionMask = 2147483647;
			files = (
			);
			runOnlyForDeploymentPostprocessing = 0;
		};
/* End PBXFrameworksBuildPhase section */

/* Begin PBXGroup section */
		463526201CE6B30400D9BB82 = {
			isa = PBXGroup;
			children = (
				4635262B1CE6B30400D9BB82 /* LabTest-3.Acount */,
				4635262A1CE6B30400D9BB82 /* Products */,
			);
			sourceTree = "<group>";
		};
		4635262A1CE6B30400D9BB82 /* Products */ = {
			isa = PBXGroup;
			children = (
				463526291CE6B30400D9BB82 /* LabTest-3.Acount */,
			);
			name = Products;
			sourceTree = "<group>";
		};
		4635262B1CE6B30400D9BB82 /* LabTest-3.Acount */ = {
			isa = PBXGroup;
			children = (
				4635262C1CE6B30400D9BB82 /* main.swift */,
				463526331CE6B30F00D9BB82 /* Utils.swift */,
			);
			path = "LabTest-3.Acount";
			sourceTree = "<group>";
		};
/* End PBXGroup section */

/* Begin PBXNativeTarget section */
		463526281CE6B30400D9BB82 /* LabTest-3.Acount */ = {
			isa = PBXNativeTarget;
			buildConfigurationList = 463526301CE6B30400D9BB82 /* Build configuration list for PBXNativeTarget "LabTest-3.Acount" */;
			buildPhases = (
				463526251CE6B30400D9BB82 /* Sources */,
				463526261CE6B30400D9BB82 /* Frameworks */,
				463526271CE6B30400D9BB82 /* CopyFiles */,
			);
			buildRules = (
			);
			dependencies = (
			);
			name = "LabTest-3.Acount";
			productName = "LabTest-3.Acount";
			productReference = 463526291CE6B30400D9BB82 /* LabTest-3.Acount */;
			productType = "com.apple.product-type.tool";
		};
/* End PBXNativeTarget section */

/* Begin PBXProject section */
		463526211CE6B30400D9BB82 /* Project object */ = {
			isa = PBXProject;
			attributes = {
				LastSwiftUpdateCheck = 0720;
				LastUpgradeCheck = 0720;
				ORGANIZATIONNAME = "Lambton College";
				TargetAttributes = {
					463526281CE6B30400D9BB82 = {
						CreatedOnToolsVersion = 7.2;
					};
				};
			};
			buildConfigurationList = 463526241CE6B30400D9BB82 /* Build configuration list for PBXProject "LabTest-3.Acount" */;
			compatibilityVersion = "Xcode 3.2";
			developmentRegion = English;
			hasScannedForEncodings = 0;
			knownRegions = (
				en,
			);
			mainGroup = 463526201CE6B30400D9BB82;
			productRefGroup = 4635262A1CE6B30400D9BB82 /* Products */;
			projectDirPath = "";
			projectRoot = "";
			targets = (
				463526281CE6B30400D9BB82 /* LabTest-3.Acount */,
			);
		};
/* End PBXProject section */

/* Begin PBXSourcesBuildPhase section */
		463526251CE6B30400D9BB82 /* Sources */ = {
			isa = PBXSourcesBuildPhase;
			buildActionMask = 2147483647;
			files = (
				4635262D1CE6B30400D9BB82 /* main.swift in Sources */,
				463526341CE6B30F00D9BB82 /* Utils.swift in Sources */,
			);
			runOnlyForDeploymentPostprocessing = 0;
		};
/* End PBXSourcesBuildPhase section */

/* Begin XCBuildConfiguration section */
		4635262E1CE6B30400D9BB82 /* Debug */ = {
			isa = XCBuildConfiguration;
			buildSettings = {
				ALWAYS_SEARCH_USER_PATHS = NO;
				CLANG_CXX_LANGUAGE_STANDARD = "gnu++0x";
				CLANG_CXX_LIBRARY = "libc++";
				CLANG_ENABLE_MODULES = YES;
				CLANG_ENABLE_OBJC_ARC = YES;
				CLANG_WARN_BOOL_CONVERSION = YES;
				CLANG_WARN_CONSTANT_CONVERSION = YES;
				CLANG_WARN_DIRECT_OBJC_ISA_USAGE = YES_ERROR;
				CLANG_WARN_EMPTY_BODY = YES;
				CLANG_WARN_ENUM_CONVERSION = YES;
				CLANG_WARN_INT_CONVERSION = YES;
				CLANG_WARN_OBJC_ROOT_CLASS = YES_ERROR;
				CLANG_WARN_UNREACHABLE_CODE = YES;
				CLANG_WARN__DUPLICATE_METHOD_MATCH = YES;
				CODE_SIGN_IDENTITY = "-";
				COPY_PHASE_STRIP = NO;
				DEBUG_INFORMATION_FORMAT = dwarf;
				ENABLE_STRICT_OBJC_MSGSEND = YES;
				ENABLE_TESTABILITY = YES;
				GCC_C_LANGUAGE_STANDARD = gnu99;
				GCC_DYNAMIC_NO_PIC = NO;
				GCC_NO_COMMON_BLOCKS = YES;
				GCC_OPTIMIZATION_LEVEL = 0;
				GCC_PREPROCESSOR_DEFINITIONS = (
					"DEBUG=1",
					"$(inherited)",
				);
				GCC_WARN_64_TO_32_BIT_CONVERSION = YES;
				GCC_WARN_ABOUT_RETURN_TYPE = YES_ERROR;
				GCC_WARN_UNDECLARED_SELECTOR = YES;
				GCC_WARN_UNINITIALIZED_AUTOS = YES_AGGRESSIVE;
				GCC_WARN_UNUSED_FUNCTION = YES;
				GCC_WARN_UNUSED_VARIABLE = YES;
				MACOSX_DEPLOYMENT_TARGET = 10.11;
				MTL_ENABLE_DEBUG_INFO = YES;
				ONLY_ACTIVE_ARCH = YES;
				SDKROOT = macosx;
				SWIFT_OPTIMIZATION_LEVEL = "-Onone";
			};
			name = Debug;
		};
		4635262F1CE6B30400D9BB82 /* Release */ = {
			isa = XCBuildConfiguration;
			buildSettings = {
				ALWAYS_SEARCH_USER_PATHS = NO;
				CLANG_CXX_LANGUAGE_STANDARD = "gnu++0x";
				CLANG_CXX_LIBRARY = "libc++";
				CLANG_ENABLE_MODULES = YES;
				CLANG_ENABLE_OBJC_ARC = YES;
				CLANG_WARN_BOOL_CONVERSION = YES;
				CLANG_WARN_CONSTANT_CONVERSION = YES;
				CLANG_WARN_DIRECT_OBJC_ISA_USAGE = YES_ERROR;
				CLANG_WARN_EMPTY_BODY = YES;
				CLANG_WARN_ENUM_CONVERSION = YES;
				CLANG_WARN_INT_CONVERSION = YES;
				CLANG_WARN_OBJC_ROOT_CLASS = YES_ERROR;
				CLANG_WARN_UNREACHABLE_CODE = YES;
				CLANG_WARN__DUPLICATE_METHOD_MATCH = YES;
				CODE_SIGN_IDENTITY = "-";
				COPY_PHASE_STRIP = NO;
				DEBUG_INFORMATION_FORMAT = "dwarf-with-dsym";
				ENABLE_NS_ASSERTIONS = NO;
				ENABLE_STRICT_OBJC_MSGSEND = YES;
				GCC_C_LANGUAGE_STANDARD = gnu99;
				GCC_NO_COMMON_BLOCKS = YES;
				GCC_WARN_64_TO_32_BIT_CONVERSION = YES;
				GCC_WARN_ABOUT_RETURN_TYPE = YES_ERROR;
				GCC_WARN_UNDECLARED_SELECTOR = YES;
				GCC_WARN_UNINITIALIZED_AUTOS = YES_AGGRESSIVE;
				GCC_WARN_UNUSED_FUNCTION = YES;
				GCC_WARN_UNUSED_VARIABLE = YES;
				MACOSX_DEPLOYMENT_TARGET = 10.11;
				MTL_ENABLE_DEBUG_INFO = NO;
				SDKROOT = macosx;
			};
			name = Release;
		};
		463526311CE6B30400D9BB82 /* Debug */ = {
			isa = XCBuildConfiguration;
			buildSettings = {
				PRODUCT_NAME = "$(TARGET_NAME)";
			};
			name = Debug;
		};
		463526321CE6B30400D9BB82 /* Release */ = {
			isa = XCBuildConfiguration;
			buildSettings = {
				PRODUCT_NAME = "$(TARGET_NAME)";
			};
			name = Release;
		};
/* End XCBuildConfiguration section */

/* Begin XCConfigurationList section */
		463526241CE6B30400D9BB82 /* Build configuration list for PBXProject "LabTest-3.Acount" */ = {
			isa = XCConfigurationList;
			buildConfigurations = (
				4635262E1CE6B30400D9BB82 /* Debug */,
				4635262F1CE6B30400D9BB82 /* Release */,
			);
			defaultConfigurationIsVisible = 0;
			defaultConfigurationName = Release;
		};
		463526301CE6B30400D9BB82 /* Build configuration list for PBXNativeTarget "LabTest-3.Acount" */ = {
			isa = XCConfigurationList;
			buildConfigurations = (
				463526311CE6B30400D9BB82 /* Debug */,
				463526321CE6B30400D9BB82 /* Release */,
			);
			defaultConfigurationIsVisible = 0;
		};
/* End XCConfigurationList section */
	};
	rootObject = 463526211CE6B30400D9BB82 /* Project object */;
}
